// !$*UTF8*$!
{
	archiveVersion = 1;
	classes = {
	};
	objectVersion = 46;
	objects = {

/* Begin PBXBuildFile section */
		605632DC08CBAAB4933BEBAA /* Pods.framework in Frameworks */ = {isa = PBXBuildFile; fileRef = 6693664071BD21D55CF7BE3E /* Pods.framework */; };
		A031E8EF1C728B7F00405D26 /* AppDelegate.swift in Sources */ = {isa = PBXBuildFile; fileRef = A031E8EE1C728B7F00405D26 /* AppDelegate.swift */; };
		A031E8F11C728B7F00405D26 /* ViewController.swift in Sources */ = {isa = PBXBuildFile; fileRef = A031E8F01C728B7F00405D26 /* ViewController.swift */; };
		A031E8F41C728B7F00405D26 /* Main.storyboard in Resources */ = {isa = PBXBuildFile; fileRef = A031E8F21C728B7F00405D26 /* Main.storyboard */; };
		A031E8F61C728B7F00405D26 /* Assets.xcassets in Resources */ = {isa = PBXBuildFile; fileRef = A031E8F51C728B7F00405D26 /* Assets.xcassets */; };
		A031E8F91C728B7F00405D26 /* LaunchScreen.storyboard in Resources */ = {isa = PBXBuildFile; fileRef = A031E8F71C728B7F00405D26 /* LaunchScreen.storyboard */; };
/* End PBXBuildFile section */

/* Begin PBXFileReference section */
		0FABCA209FEF2F3CFDA1D899 /* Pods.release.xcconfig */ = {isa = PBXFileReference; includeInIndex = 1; lastKnownFileType = text.xcconfig; name = Pods.release.xcconfig; path = "Pods/Target Support Files/Pods/Pods.release.xcconfig"; sourceTree = "<group>"; };
		6693664071BD21D55CF7BE3E /* Pods.framework */ = {isa = PBXFileReference; explicitFileType = wrapper.framework; includeInIndex = 0; path = Pods.framework; sourceTree = BUILT_PRODUCTS_DIR; };
		6B3E3E6629C64BFCDB3417A4 /* Pods.debug.xcconfig */ = {isa = PBXFileReference; includeInIndex = 1; lastKnownFileType = text.xcconfig; name = Pods.debug.xcconfig; path = "Pods/Target Support Files/Pods/Pods.debug.xcconfig"; sourceTree = "<group>"; };
		A031E8EB1C728B7F00405D26 /* Garoa.app */ = {isa = PBXFileReference; explicitFileType = wrapper.application; includeInIndex = 0; path = Garoa.app; sourceTree = BUILT_PRODUCTS_DIR; };
		A031E8EE1C728B7F00405D26 /* AppDelegate.swift */ = {isa = PBXFileReference; lastKnownFileType = sourcecode.swift; path = AppDelegate.swift; sourceTree = "<group>"; };
		A031E8F01C728B7F00405D26 /* ViewController.swift */ = {isa = PBXFileReference; lastKnownFileType = sourcecode.swift; path = ViewController.swift; sourceTree = "<group>"; };
		A031E8F31C728B7F00405D26 /* Base */ = {isa = PBXFileReference; lastKnownFileType = file.storyboard; name = Base; path = Base.lproj/Main.storyboard; sourceTree = "<group>"; };
		A031E8F51C728B7F00405D26 /* Assets.xcassets */ = {isa = PBXFileReference; lastKnownFileType = folder.assetcatalog; path = Assets.xcassets; sourceTree = "<group>"; };
		A031E8F81C728B7F00405D26 /* Base */ = {isa = PBXFileReference; lastKnownFileType = file.storyboard; name = Base; path = Base.lproj/LaunchScreen.storyboard; sourceTree = "<group>"; };
		A031E8FA1C728B7F00405D26 /* Info.plist */ = {isa = PBXFileReference; lastKnownFileType = text.plist.xml; path = Info.plist; sourceTree = "<group>"; };
/* End PBXFileReference section */

/* Begin PBXFrameworksBuildPhase section */
		A031E8E81C728B7F00405D26 /* Frameworks */ = {
			isa = PBXFrameworksBuildPhase;
			buildActionMask = 2147483647;
			files = (
				605632DC08CBAAB4933BEBAA /* Pods.framework in Frameworks */,
			);
			runOnlyForDeploymentPostprocessing = 0;
		};
/* End PBXFrameworksBuildPhase section */

/* Begin PBXGroup section */
		0B618EEBB17E0F95C25D1CBF /* Pods */ = {
			isa = PBXGroup;
			children = (
				6B3E3E6629C64BFCDB3417A4 /* Pods.debug.xcconfig */,
				0FABCA209FEF2F3CFDA1D899 /* Pods.release.xcconfig */,
			);
			name = Pods;
			sourceTree = "<group>";
		};
		A031E8E21C728B7F00405D26 = {
			isa = PBXGroup;
			children = (
				A031E8ED1C728B7F00405D26 /* Garoa */,
				A031E8EC1C728B7F00405D26 /* Products */,
				0B618EEBB17E0F95C25D1CBF /* Pods */,
				C4F7468434A8B1401ADC69DA /* Frameworks */,
			);
			sourceTree = "<group>";
		};
		A031E8EC1C728B7F00405D26 /* Products */ = {
			isa = PBXGroup;
			children = (
				A031E8EB1C728B7F00405D26 /* Garoa.app */,
			);
			name = Products;
			sourceTree = "<group>";
		};
		A031E8ED1C728B7F00405D26 /* Garoa */ = {
			isa = PBXGroup;
			children = (
				A031E8EE1C728B7F00405D26 /* AppDelegate.swift */,
				A031E8F01C728B7F00405D26 /* ViewController.swift */,
				A031E8F21C728B7F00405D26 /* Main.storyboard */,
				A031E8F51C728B7F00405D26 /* Assets.xcassets */,
				A031E8F71C728B7F00405D26 /* LaunchScreen.storyboard */,
				A031E8FA1C728B7F00405D26 /* Info.plist */,
			);
			path = Garoa;
			sourceTree = "<group>";
		};
		C4F7468434A8B1401ADC69DA /* Frameworks */ = {
			isa = PBXGroup;
			children = (
				6693664071BD21D55CF7BE3E /* Pods.framework */,
			);
			name = Frameworks;
			sourceTree = "<group>";
		};
/* End PBXGroup section */

/* Begin PBXNativeTarget section */
		A031E8EA1C728B7F00405D26 /* Garoa */ = {
			isa = PBXNativeTarget;
			buildConfigurationList = A031E8FD1C728B7F00405D26 /* Build configuration list for PBXNativeTarget "Garoa" */;
			buildPhases = (
				0F8144D74AC68308322047ED /* Check Pods Manifest.lock */,
				A031E8E71C728B7F00405D26 /* Sources */,
				A031E8E81C728B7F00405D26 /* Frameworks */,
				A031E8E91C728B7F00405D26 /* Resources */,
				4770EADA2C2902D4A8149289 /* Embed Pods Frameworks */,
				87AB2A2F26341477C016100A /* Copy Pods Resources */,
			);
			buildRules = (
			);
			dependencies = (
			);
			name = Garoa;
			productName = Garoa;
			productReference = A031E8EB1C728B7F00405D26 /* Garoa.app */;
			productType = "com.apple.product-type.application";
		};
/* End PBXNativeTarget section */

/* Begin PBXProject section */
		A031E8E31C728B7F00405D26 /* Project object */ = {
			isa = PBXProject;
			attributes = {
				LastSwiftUpdateCheck = 0720;
				LastUpgradeCheck = 0720;
				ORGANIZATIONNAME = Garoa;
				TargetAttributes = {
					A031E8EA1C728B7F00405D26 = {
						CreatedOnToolsVersion = 7.2.1;
					};
				};
			};
			buildConfigurationList = A031E8E61C728B7F00405D26 /* Build configuration list for PBXProject "Garoa" */;
			compatibilityVersion = "Xcode 3.2";
			developmentRegion = English;
			hasScannedForEncodings = 0;
			knownRegions = (
				en,
				Base,
			);
			mainGroup = A031E8E21C728B7F00405D26;
			productRefGroup = A031E8EC1C728B7F00405D26 /* Products */;
			projectDirPath = "";
			projectRoot = "";
			targets = (
				A031E8EA1C728B7F00405D26 /* Garoa */,
			);
		};
/* End PBXProject section */

/* Begin PBXResourcesBuildPhase section */
		A031E8E91C728B7F00405D26 /* Resources */ = {
			isa = PBXResourcesBuildPhase;
			buildActionMask = 2147483647;
			files = (
				A031E8F91C728B7F00405D26 /* LaunchScreen.storyboard in Resources */,
				A031E8F61C728B7F00405D26 /* Assets.xcassets in Resources */,
				A031E8F41C728B7F00405D26 /* Main.storyboard in Resources */,
			);
			runOnlyForDeploymentPostprocessing = 0;
		};
/* End PBXResourcesBuildPhase section */

/* Begin PBXShellScriptBuildPhase section */
		0F8144D74AC68308322047ED /* Check Pods Manifest.lock */ = {
			isa = PBXShellScriptBuildPhase;
			buildActionMask = 2147483647;
			files = (
			);
			inputPaths = (
			);
			name = "Check Pods Manifest.lock";
			outputPaths = (
			);
			runOnlyForDeploymentPostprocessing = 0;
			shellPath = /bin/sh;
			shellScript = "diff \"${PODS_ROOT}/../Podfile.lock\" \"${PODS_ROOT}/Manifest.lock\" > /dev/null\nif [[ $? != 0 ]] ; then\n    cat << EOM\nerror: The sandbox is not in sync with the Podfile.lock. Run 'pod install' or update your CocoaPods installation.\nEOM\n    exit 1\nfi\n";
			showEnvVarsInLog = 0;
		};
		4770EADA2C2902D4A8149289 /* Embed Pods Frameworks */ = {
			isa = PBXShellScriptBuildPhase;
			buildActionMask = 2147483647;
			files = (
			);
			inputPaths = (
			);
			name = "Embed Pods Frameworks";
			outputPaths = (
			);
			runOnlyForDeploymentPostprocessing = 0;
			shellPath = /bin/sh;
			shellScript = "\"${SRCROOT}/Pods/Target Support Files/Pods/Pods-frameworks.sh\"\n";
			showEnvVarsInLog = 0;
		};
		87AB2A2F26341477C016100A /* Copy Pods Resources */ = {
			isa = PBXShellScriptBuildPhase;
			buildActionMask = 2147483647;
			files = (
			);
			inputPaths = (
			);
			name = "Copy Pods Resources";
			outputPaths = (
			);
			runOnlyForDeploymentPostprocessing = 0;
			shellPath = /bin/sh;
			shellScript = "\"${SRCROOT}/Pods/Target Support Files/Pods/Pods-resources.sh\"\n";
			showEnvVarsInLog = 0;
		};
/* End PBXShellScriptBuildPhase section */

/* Begin PBXSourcesBuildPhase section */
		A031E8E71C728B7F00405D26 /* Sources */ = {
			isa = PBXSourcesBuildPhase;
			buildActionMask = 2147483647;
			files = (
				A031E8F11C728B7F00405D26 /* ViewController.swift in Sources */,
				A031E8EF1C728B7F00405D26 /* AppDelegate.swift in Sources */,
			);
			runOnlyForDeploymentPostprocessing = 0;
		};
/* End PBXSourcesBuildPhase section */

/* Begin PBXVariantGroup section */
		A031E8F21C728B7F00405D26 /* Main.storyboard */ = {
			isa = PBXVariantGroup;
			children = (
				A031E8F31C728B7F00405D26 /* Base */,
			);
			name = Main.storyboard;
			sourceTree = "<group>";
		};
		A031E8F71C728B7F00405D26 /* LaunchScreen.storyboard */ = {
			isa = PBXVariantGroup;
			children = (
				A031E8F81C728B7F00405D26 /* Base */,
			);
			name = LaunchScreen.storyboard;
			sourceTree = "<group>";
		};
/* End PBXVariantGroup section */

/* Begin XCBuildConfiguration section */
		A031E8FB1C728B7F00405D26 /* Debug */ = {
			isa = XCBuildConfiguration;
			buildSettings = {
				ALWAYS_SEARCH_USER_PATHS = NO;
				CLANG_CXX_LANGUAGE_STANDARD = "gnu++0x";
				CLANG_CXX_LIBRARY = "libc++";
				CLANG_ENABLE_MODULES = YES;
				CLANG_ENABLE_OBJC_ARC = YES;
				CLANG_WARN_BOOL_CONVERSION = YES;
				CLANG_WARN_CONSTANT_CONVERSION = YES;
				CLANG_WARN_DIRECT_OBJC_ISA_USAGE = YES_ERROR;
				CLANG_WARN_EMPTY_BODY = YES;
				CLANG_WARN_ENUM_CONVERSION = YES;
				CLANG_WARN_INT_CONVERSION = YES;
				CLANG_WARN_OBJC_ROOT_CLASS = YES_ERROR;
				CLANG_WARN_UNREACHABLE_CODE = YES;
				CLANG_WARN__DUPLICATE_METHOD_MATCH = YES;
				"CODE_SIGN_IDENTITY[sdk=iphoneos*]" = "iPhone Developer";
				COPY_PHASE_STRIP = NO;
				DEBUG_INFORMATION_FORMAT = dwarf;
				ENABLE_STRICT_OBJC_MSGSEND = YES;
				ENABLE_TESTABILITY = YES;
				GCC_C_LANGUAGE_STANDARD = gnu99;
				GCC_DYNAMIC_NO_PIC = NO;
				GCC_NO_COMMON_BLOCKS = YES;
				GCC_OPTIMIZATION_LEVEL = 0;
				GCC_PREPROCESSOR_DEFINITIONS = (
					"DEBUG=1",
					"$(inherited)",
				);
				GCC_WARN_64_TO_32_BIT_CONVERSION = YES;
				GCC_WARN_ABOUT_RETURN_TYPE = YES_ERROR;
				GCC_WARN_UNDECLARED_SELECTOR = YES;
				GCC_WARN_UNINITIALIZED_AUTOS = YES_AGGRESSIVE;
				GCC_WARN_UNUSED_FUNCTION = YES;
				GCC_WARN_UNUSED_VARIABLE = YES;
				IPHONEOS_DEPLOYMENT_TARGET = 9.2;
				MTL_ENABLE_DEBUG_INFO = YES;
				ONLY_ACTIVE_ARCH = YES;
				SDKROOT = iphoneos;
				SWIFT_OPTIMIZATION_LEVEL = "-Onone";
			};
			name = Debug;
		};
		A031E8FC1C728B7F00405D26 /* Release */ = {
			isa = XCBuildConfiguration;
			buildSettings = {
				ALWAYS_SEARCH_USER_PATHS = NO;
				CLANG_CXX_LANGUAGE_STANDARD = "gnu++0x";
				CLANG_CXX_LIBRARY = "libc++";
				CLANG_ENABLE_MODULES = YES;
				CLANG_ENABLE_OBJC_ARC = YES;
				CLANG_WARN_BOOL_CONVERSION = YES;
				CLANG_WARN_CONSTANT_CONVERSION = YES;
				CLANG_WARN_DIRECT_OBJC_ISA_USAGE = YES_ERROR;
				CLANG_WARN_EMPTY_BODY = YES;
				CLANG_WARN_ENUM_CONVERSION = YES;
				CLANG_WARN_INT_CONVERSION = YES;
				CLANG_WARN_OBJC_ROOT_CLASS = YES_ERROR;
				CLANG_WARN_UNREACHABLE_CODE = YES;
				CLANG_WARN__DUPLICATE_METHOD_MATCH = YES;
				"CODE_SIGN_IDENTITY[sdk=iphoneos*]" = "iPhone Developer";
				COPY_PHASE_STRIP = NO;
				DEBUG_INFORMATION_FORMAT = "dwarf-with-dsym";
				ENABLE_NS_ASSERTIONS = NO;
				ENABLE_STRICT_OBJC_MSGSEND = YES;
				GCC_C_LANGUAGE_STANDARD = gnu99;
				GCC_NO_COMMON_BLOCKS = YES;
				GCC_WARN_64_TO_32_BIT_CONVERSION = YES;
				GCC_WARN_ABOUT_RETURN_TYPE = YES_ERROR;
				GCC_WARN_UNDECLARED_SELECTOR = YES;
				GCC_WARN_UNINITIALIZED_AUTOS = YES_AGGRESSIVE;
				GCC_WARN_UNUSED_FUNCTION = YES;
				GCC_WARN_UNUSED_VARIABLE = YES;
				IPHONEOS_DEPLOYMENT_TARGET = 9.2;
				MTL_ENABLE_DEBUG_INFO = NO;
				SDKROOT = iphoneos;
				VALIDATE_PRODUCT = YES;
			};
			name = Release;
		};
		A031E8FE1C728B7F00405D26 /* Debug */ = {
			isa = XCBuildConfiguration;
			baseConfigurationReference = 6B3E3E6629C64BFCDB3417A4 /* Pods.debug.xcconfig */;
			buildSettings = {
				ASSETCATALOG_COMPILER_APPICON_NAME = AppIcon;
				INFOPLIST_FILE = Garoa/Info.plist;
				LD_RUNPATH_SEARCH_PATHS = "$(inherited) @executable_path/Frameworks";
				PRODUCT_BUNDLE_IDENTIFIER = co.garoa.Garoa;
				PRODUCT_NAME = "$(TARGET_NAME)";
			};
			name = Debug;
		};
		A031E8FF1C728B7F00405D26 /* Release */ = {
			isa = XCBuildConfiguration;
			baseConfigurationReference = 0FABCA209FEF2F3CFDA1D899 /* Pods.release.xcconfig */;
			buildSettings = {
				ASSETCATALOG_COMPILER_APPICON_NAME = AppIcon;
				INFOPLIST_FILE = Garoa/Info.plist;
				LD_RUNPATH_SEARCH_PATHS = "$(inherited) @executable_path/Frameworks";
				PRODUCT_BUNDLE_IDENTIFIER = co.garoa.Garoa;
				PRODUCT_NAME = "$(TARGET_NAME)";
			};
			name = Release;
		};
/* End XCBuildConfiguration section */

/* Begin XCConfigurationList section */
		A031E8E61C728B7F00405D26 /* Build configuration list for PBXProject "Garoa" */ = {
			isa = XCConfigurationList;
			buildConfigurations = (
				A031E8FB1C728B7F00405D26 /* Debug */,
				A031E8FC1C728B7F00405D26 /* Release */,
			);
			defaultConfigurationIsVisible = 0;
			defaultConfigurationName = Release;
		};
		A031E8FD1C728B7F00405D26 /* Build configuration list for PBXNativeTarget "Garoa" */ = {
			isa = XCConfigurationList;
			buildConfigurations = (
				A031E8FE1C728B7F00405D26 /* Debug */,
				A031E8FF1C728B7F00405D26 /* Release */,
			);
			defaultConfigurationIsVisible = 0;
			defaultConfigurationName = Release;
		};
/* End XCConfigurationList section */
	};
	rootObject = A031E8E31C728B7F00405D26 /* Project object */;
}
